
Microsoft Visual Studio Solution File, Format Version 12.00
# Visual Studio 15
VisualStudioVersion = 15.0.28307.572
MinimumVisualStudioVersion = 10.0.40219.1
Project("{FAE04EC0-301F-11D3-BF4B-00C04F79EFBC}") = "CommandLineArguments", "CommandLineArguments\CommandLineArguments.csproj", "{E165BC06-E435-4EB3-B2F1-EF2202D2C3E1}"
EndProject
Global
	GlobalSection(SolutionConfigurationPlatforms) = preSolution
		Debug|Any CPU = Debug|Any CPU
		Release|Any CPU = Release|Any CPU
	EndGlobalSection
	GlobalSection(ProjectConfigurationPlatforms) = postSolution
		{E165BC06-E435-4EB3-B2F1-EF2202D2C3E1}.Debug|Any CPU.ActiveCfg = Debug|Any CPU
		{E165BC06-E435-4EB3-B2F1-EF2202D2C3E1}.Debug|Any CPU.Build.0 = Debug|Any CPU
		{E165BC06-E435-4EB3-B2F1-EF2202D2C3E1}.Release|Any CPU.ActiveCfg = Release|Any CPU
		{E165BC06-E435-4EB3-B2F1-EF2202D2C3E1}.Release|Any CPU.Build.0 = Release|Any CPU
	EndGlobalSection
	GlobalSection(SolutionProperties) = preSolution
		HideSolutionNode = FALSE
	EndGlobalSection
	GlobalSection(ExtensibilityGlobals) = postSolution
		SolutionGuid = {C483EFC0-BB03-4DF9-86DC-A1861CD66D5A}
	EndGlobalSection
EndGlobal
